
Microsoft Visual Studio Solution File, Format Version 12.00
# Visual Studio Version 16
VisualStudioVersion = 16.0.31911.196
MinimumVisualStudioVersion = 10.0.40219.1
Project("{9A19103F-16F7-4668-BE54-9A1E7A4F7556}") = "SampleProject", "SampleProject\SampleProject.csproj", "{D9FEB0C3-940E-4D07-AFF7-8797262D154A}"
EndProject
Project("{9A19103F-16F7-4668-BE54-9A1E7A4F7556}") = "SampleProjectxUnitTest", "SampleProjectxUnitTest\SampleProjectxUnitTest.csproj", "{8C17CCDC-88BD-4F3E-88BC-2A7122900EFE}"
EndProject
Project("{2150E333-8FDC-42A3-9474-1A3956D46DE8}") = "Solution Items", "Solution Items", "{1AF90407-1907-4A95-8565-CDFEABE6BC53}"
	ProjectSection(SolutionItems) = preProject
		..\Readme.md = ..\Readme.md
	EndProjectSection
EndProject
Project("{9A19103F-16F7-4668-BE54-9A1E7A4F7556}") = "SampleProject.Api", "SampleProject.Api\SampleProject.Api.csproj", "{780CD063-F134-453F-8EDA-FAEFE51B3005}"
EndProject
Project("{2150E333-8FDC-42A3-9474-1A3956D46DE8}") = "src", "src", "{91476375-2815-48DE-92E6-FAF4FA293CCA}"
EndProject
Project("{2150E333-8FDC-42A3-9474-1A3956D46DE8}") = "tests", "tests", "{E7A4F9C9-06C5-4320-97F9-929CC763F6FB}"
EndProject
Global
	GlobalSection(SolutionConfigurationPlatforms) = preSolution
		Debug|Any CPU = Debug|Any CPU
		Release|Any CPU = Release|Any CPU
	EndGlobalSection
	GlobalSection(ProjectConfigurationPlatforms) = postSolution
		{D9FEB0C3-940E-4D07-AFF7-8797262D154A}.Debug|Any CPU.ActiveCfg = Debug|Any CPU
		{D9FEB0C3-940E-4D07-AFF7-8797262D154A}.Debug|Any CPU.Build.0 = Debug|Any CPU
		{D9FEB0C3-940E-4D07-AFF7-8797262D154A}.Release|Any CPU.ActiveCfg = Release|Any CPU
		{D9FEB0C3-940E-4D07-AFF7-8797262D154A}.Release|Any CPU.Build.0 = Release|Any CPU
		{8C17CCDC-88BD-4F3E-88BC-2A7122900EFE}.Debug|Any CPU.ActiveCfg = Debug|Any CPU
		{8C17CCDC-88BD-4F3E-88BC-2A7122900EFE}.Debug|Any CPU.Build.0 = Debug|Any CPU
		{8C17CCDC-88BD-4F3E-88BC-2A7122900EFE}.Release|Any CPU.ActiveCfg = Release|Any CPU
		{8C17CCDC-88BD-4F3E-88BC-2A7122900EFE}.Release|Any CPU.Build.0 = Release|Any CPU
		{780CD063-F134-453F-8EDA-FAEFE51B3005}.Debug|Any CPU.ActiveCfg = Debug|Any CPU
		{780CD063-F134-453F-8EDA-FAEFE51B3005}.Debug|Any CPU.Build.0 = Debug|Any CPU
		{780CD063-F134-453F-8EDA-FAEFE51B3005}.Release|Any CPU.ActiveCfg = Release|Any CPU
		{780CD063-F134-453F-8EDA-FAEFE51B3005}.Release|Any CPU.Build.0 = Release|Any CPU
	EndGlobalSection
	GlobalSection(SolutionProperties) = preSolution
		HideSolutionNode = FALSE
	EndGlobalSection
	GlobalSection(NestedProjects) = preSolution
		{D9FEB0C3-940E-4D07-AFF7-8797262D154A} = {91476375-2815-48DE-92E6-FAF4FA293CCA}
		{8C17CCDC-88BD-4F3E-88BC-2A7122900EFE} = {E7A4F9C9-06C5-4320-97F9-929CC763F6FB}
		{780CD063-F134-453F-8EDA-FAEFE51B3005} = {91476375-2815-48DE-92E6-FAF4FA293CCA}
	EndGlobalSection
	GlobalSection(ExtensibilityGlobals) = postSolution
		SolutionGuid = {DB35CE10-1174-48A2-9A1F-57F7A75345A6}
	EndGlobalSection
EndGlobal
